Microsoft Visual Studio Solution File, Format Version 11.00
# Visual Studio 2008

Project("{B695FA54-3EDC-58E8-1168-99F19503A357}") = "Supersomething", "Assembly-CSharp-firstpass.csproj", "{0B5DEBD6-45C6-0758-A5DC-F776306F1807}"
EndProject
Project("{B695FA54-3EDC-58E8-1168-99F19503A357}") = "Supersomething", "Assembly-CSharp.csproj", "{93C5E252-8457-95CB-6493-02C394D8668F}"
EndProject
Project("{B695FA54-3EDC-58E8-1168-99F19503A357}") = "Supersomething", "Assembly-UnityScript.unityproj", "{15AC139A-CB4A-8210-9C6A-BF5557FD7EF0}"
EndProject
Global
	GlobalSection(SolutionConfigurationPlatforms) = preSolution
		Debug|Any CPU = Debug|Any CPU
		Release|Any CPU = Release|Any CPU
	EndGlobalSection
	GlobalSection(ProjectConfigurationPlatforms) = postSolution
		{0B5DEBD6-45C6-0758-A5DC-F776306F1807}.Debug|Any CPU.ActiveCfg = Debug|Any CPU
		{0B5DEBD6-45C6-0758-A5DC-F776306F1807}.Debug|Any CPU.Build.0 = Debug|Any CPU
		{0B5DEBD6-45C6-0758-A5DC-F776306F1807}.Release|Any CPU.ActiveCfg = Release|Any CPU
		{0B5DEBD6-45C6-0758-A5DC-F776306F1807}.Release|Any CPU.Build.0 = Release|Any CPU
		{93C5E252-8457-95CB-6493-02C394D8668F}.Debug|Any CPU.ActiveCfg = Debug|Any CPU
		{93C5E252-8457-95CB-6493-02C394D8668F}.Debug|Any CPU.Build.0 = Debug|Any CPU
		{93C5E252-8457-95CB-6493-02C394D8668F}.Release|Any CPU.ActiveCfg = Release|Any CPU
		{93C5E252-8457-95CB-6493-02C394D8668F}.Release|Any CPU.Build.0 = Release|Any CPU
		{15AC139A-CB4A-8210-9C6A-BF5557FD7EF0}.Debug|Any CPU.ActiveCfg = Debug|Any CPU
		{15AC139A-CB4A-8210-9C6A-BF5557FD7EF0}.Debug|Any CPU.Build.0 = Debug|Any CPU
		{15AC139A-CB4A-8210-9C6A-BF5557FD7EF0}.Release|Any CPU.ActiveCfg = Release|Any CPU
		{15AC139A-CB4A-8210-9C6A-BF5557FD7EF0}.Release|Any CPU.Build.0 = Release|Any CPU
	EndGlobalSection
	GlobalSection(SolutionProperties) = preSolution
		HideSolutionNode = FALSE
	EndGlobalSection
			GlobalSection(MonoDevelopProperties) = preSolution
		StartupItem = Assembly-CSharp.csproj
		Policies = $0
		$0.TextStylePolicy = $1
		$1.inheritsSet = null
		$1.scope = text/x-csharp
		$0.CSharpFormattingPolicy = $2
		$2.inheritsSet = Mono
		$2.inheritsScope = text/x-csharp
		$2.scope = text/x-csharp
		$0.TextStylePolicy = $3
		$3.FileWidth = 120
		$3.TabWidth = 4
		$3.EolMarker = Unix
		$3.inheritsSet = Mono
		$3.inheritsScope = text/plain
		$3.scope = text/plain
	EndGlobalSection

EndGlobal
